
Microsoft Visual Studio Solution File, Format Version 12.00
# Visual Studio Version 17
VisualStudioVersion = 17.2.32519.379
MinimumVisualStudioVersion = 10.0.40219.1
Project("{9A19103F-16F7-4668-BE54-9A1E7A4F7556}") = "SavannahGame", "SavannahGame\SavannahGame.csproj", "{139B3A0E-E373-4DF3-BE05-1610A31D1034}"
EndProject
Project("{9A19103F-16F7-4668-BE54-9A1E7A4F7556}") = "GameEngine", "GameEngine\GameEngine.csproj", "{264FEC2C-C1DF-469D-812F-6DA7C2968E6D}"
EndProject
Project("{9A19103F-16F7-4668-BE54-9A1E7A4F7556}") = "UI", "UserInterface\UI.csproj", "{983A1D4C-60F7-490B-8553-E55F067B4BAB}"
EndProject
Project("{9A19103F-16F7-4668-BE54-9A1E7A4F7556}") = "ConstantsRepository", "ConstantsRepository\ConstantsRepository.csproj", "{0B06C9E1-DB64-4C3D-B64C-1BCB700C020E}"
EndProject
Project("{9A19103F-16F7-4668-BE54-9A1E7A4F7556}") = "AnimalsTypes", "AnimalsTypes\AnimalsTypes.csproj", "{A2C6916B-EAFD-4CFA-AB6F-A0F825ED9D09}"
EndProject
Project("{FAE04EC0-301F-11D3-BF4B-00C04F79EFBC}") = "Tests", "Tests\Tests.csproj", "{174EB5DB-D6DC-4635-9E41-21186C069F41}"
EndProject
Global
	GlobalSection(SolutionConfigurationPlatforms) = preSolution
		Debug|Any CPU = Debug|Any CPU
		Release|Any CPU = Release|Any CPU
	EndGlobalSection
	GlobalSection(ProjectConfigurationPlatforms) = postSolution
		{139B3A0E-E373-4DF3-BE05-1610A31D1034}.Debug|Any CPU.ActiveCfg = Debug|Any CPU
		{139B3A0E-E373-4DF3-BE05-1610A31D1034}.Debug|Any CPU.Build.0 = Debug|Any CPU
		{139B3A0E-E373-4DF3-BE05-1610A31D1034}.Release|Any CPU.ActiveCfg = Release|Any CPU
		{139B3A0E-E373-4DF3-BE05-1610A31D1034}.Release|Any CPU.Build.0 = Release|Any CPU
		{264FEC2C-C1DF-469D-812F-6DA7C2968E6D}.Debug|Any CPU.ActiveCfg = Debug|Any CPU
		{264FEC2C-C1DF-469D-812F-6DA7C2968E6D}.Debug|Any CPU.Build.0 = Debug|Any CPU
		{264FEC2C-C1DF-469D-812F-6DA7C2968E6D}.Release|Any CPU.ActiveCfg = Release|Any CPU
		{264FEC2C-C1DF-469D-812F-6DA7C2968E6D}.Release|Any CPU.Build.0 = Release|Any CPU
		{983A1D4C-60F7-490B-8553-E55F067B4BAB}.Debug|Any CPU.ActiveCfg = Debug|Any CPU
		{983A1D4C-60F7-490B-8553-E55F067B4BAB}.Debug|Any CPU.Build.0 = Debug|Any CPU
		{983A1D4C-60F7-490B-8553-E55F067B4BAB}.Release|Any CPU.ActiveCfg = Release|Any CPU
		{983A1D4C-60F7-490B-8553-E55F067B4BAB}.Release|Any CPU.Build.0 = Release|Any CPU
		{0B06C9E1-DB64-4C3D-B64C-1BCB700C020E}.Debug|Any CPU.ActiveCfg = Debug|Any CPU
		{0B06C9E1-DB64-4C3D-B64C-1BCB700C020E}.Debug|Any CPU.Build.0 = Debug|Any CPU
		{0B06C9E1-DB64-4C3D-B64C-1BCB700C020E}.Release|Any CPU.ActiveCfg = Release|Any CPU
		{0B06C9E1-DB64-4C3D-B64C-1BCB700C020E}.Release|Any CPU.Build.0 = Release|Any CPU
		{A2C6916B-EAFD-4CFA-AB6F-A0F825ED9D09}.Debug|Any CPU.ActiveCfg = Debug|Any CPU
		{A2C6916B-EAFD-4CFA-AB6F-A0F825ED9D09}.Debug|Any CPU.Build.0 = Debug|Any CPU
		{A2C6916B-EAFD-4CFA-AB6F-A0F825ED9D09}.Release|Any CPU.ActiveCfg = Release|Any CPU
		{A2C6916B-EAFD-4CFA-AB6F-A0F825ED9D09}.Release|Any CPU.Build.0 = Release|Any CPU
		{174EB5DB-D6DC-4635-9E41-21186C069F41}.Debug|Any CPU.ActiveCfg = Debug|Any CPU
		{174EB5DB-D6DC-4635-9E41-21186C069F41}.Debug|Any CPU.Build.0 = Debug|Any CPU
		{174EB5DB-D6DC-4635-9E41-21186C069F41}.Release|Any CPU.ActiveCfg = Release|Any CPU
		{174EB5DB-D6DC-4635-9E41-21186C069F41}.Release|Any CPU.Build.0 = Release|Any CPU
	EndGlobalSection
	GlobalSection(SolutionProperties) = preSolution
		HideSolutionNode = FALSE
	EndGlobalSection
	GlobalSection(ExtensibilityGlobals) = postSolution
		SolutionGuid = {819BB3D3-8406-4B40-A9A4-BB2D67988FCC}
	EndGlobalSection
EndGlobal
